
Microsoft Visual Studio Solution File, Format Version 12.00
# Visual Studio 14
VisualStudioVersion = 14.0.25420.1
MinimumVisualStudioVersion = 10.0.40219.1
Project("{FAE04EC0-301F-11D3-BF4B-00C04F79EFBC}") = "Ej1", "Ej1\Ej1.csproj", "{3E70FAFE-6965-451E-9EE5-BCDD57048F73}"
EndProject
Project("{FAE04EC0-301F-11D3-BF4B-00C04F79EFBC}") = "EJ2", "EJ2\EJ2.csproj", "{2E6CC121-FA42-4249-A0E5-7C02612F9716}"
EndProject
Project("{FAE04EC0-301F-11D3-BF4B-00C04F79EFBC}") = "Ej3", "Ej3\Ej3.csproj", "{CA99B3C5-858A-44D0-962D-71E021E6ECBD}"
EndProject
Project("{FAE04EC0-301F-11D3-BF4B-00C04F79EFBC}") = "EJ4", "..\..\..\..\Desktop\TDP-TP2-2016-Grupo8-master\EJ2\EJ4.csproj", "{D99D63E3-77F7-4376-BDB1-4FAF09AA77AB}"
EndProject
Project("{FAE04EC0-301F-11D3-BF4B-00C04F79EFBC}") = "EJ5", "EJ5\EJ5.csproj", "{9109C103-C94B-417B-8B9D-DF4AE0D98A98}"
EndProject
Project("{FAE04EC0-301F-11D3-BF4B-00C04F79EFBC}") = "EJ5-test", "EJ5-test\EJ5-test.csproj", "{FF641B02-5B3E-4EC3-A3E7-A91663052CF5}"
EndProject
Project("{FAE04EC0-301F-11D3-BF4B-00C04F79EFBC}") = "Ej6", "Ej6\Ej6.csproj", "{4144160F-4E24-44E9-86C6-EE5F34CFF7AF}"
EndProject
Project("{FAE04EC0-301F-11D3-BF4B-00C04F79EFBC}") = "EJ6-Prueba", "EJ6-Prueba\EJ6-Prueba.csproj", "{0B4F5E5F-8455-423F-894B-23DB56883638}"
EndProject
Project("{FAE04EC0-301F-11D3-BF4B-00C04F79EFBC}") = "Ej7", "Ej7\Ej7.csproj", "{74A0EDEF-3DC0-425A-8FEA-CADCD6E6003F}"
EndProject
Global
	GlobalSection(SolutionConfigurationPlatforms) = preSolution
		Debug|Any CPU = Debug|Any CPU
		Release|Any CPU = Release|Any CPU
	EndGlobalSection
	GlobalSection(ProjectConfigurationPlatforms) = postSolution
		{3E70FAFE-6965-451E-9EE5-BCDD57048F73}.Debug|Any CPU.ActiveCfg = Debug|Any CPU
		{3E70FAFE-6965-451E-9EE5-BCDD57048F73}.Debug|Any CPU.Build.0 = Debug|Any CPU
		{3E70FAFE-6965-451E-9EE5-BCDD57048F73}.Release|Any CPU.ActiveCfg = Release|Any CPU
		{3E70FAFE-6965-451E-9EE5-BCDD57048F73}.Release|Any CPU.Build.0 = Release|Any CPU
		{2E6CC121-FA42-4249-A0E5-7C02612F9716}.Debug|Any CPU.ActiveCfg = Debug|Any CPU
		{2E6CC121-FA42-4249-A0E5-7C02612F9716}.Debug|Any CPU.Build.0 = Debug|Any CPU
		{2E6CC121-FA42-4249-A0E5-7C02612F9716}.Release|Any CPU.ActiveCfg = Release|Any CPU
		{2E6CC121-FA42-4249-A0E5-7C02612F9716}.Release|Any CPU.Build.0 = Release|Any CPU
		{CA99B3C5-858A-44D0-962D-71E021E6ECBD}.Debug|Any CPU.ActiveCfg = Debug|Any CPU
		{CA99B3C5-858A-44D0-962D-71E021E6ECBD}.Debug|Any CPU.Build.0 = Debug|Any CPU
		{CA99B3C5-858A-44D0-962D-71E021E6ECBD}.Release|Any CPU.ActiveCfg = Release|Any CPU
		{CA99B3C5-858A-44D0-962D-71E021E6ECBD}.Release|Any CPU.Build.0 = Release|Any CPU
		{D99D63E3-77F7-4376-BDB1-4FAF09AA77AB}.Debug|Any CPU.ActiveCfg = Debug|Any CPU
		{D99D63E3-77F7-4376-BDB1-4FAF09AA77AB}.Debug|Any CPU.Build.0 = Debug|Any CPU
		{D99D63E3-77F7-4376-BDB1-4FAF09AA77AB}.Release|Any CPU.ActiveCfg = Release|Any CPU
		{D99D63E3-77F7-4376-BDB1-4FAF09AA77AB}.Release|Any CPU.Build.0 = Release|Any CPU
		{9109C103-C94B-417B-8B9D-DF4AE0D98A98}.Debug|Any CPU.ActiveCfg = Debug|Any CPU
		{9109C103-C94B-417B-8B9D-DF4AE0D98A98}.Debug|Any CPU.Build.0 = Debug|Any CPU
		{9109C103-C94B-417B-8B9D-DF4AE0D98A98}.Release|Any CPU.ActiveCfg = Release|Any CPU
		{9109C103-C94B-417B-8B9D-DF4AE0D98A98}.Release|Any CPU.Build.0 = Release|Any CPU
		{FF641B02-5B3E-4EC3-A3E7-A91663052CF5}.Debug|Any CPU.ActiveCfg = Debug|Any CPU
		{FF641B02-5B3E-4EC3-A3E7-A91663052CF5}.Debug|Any CPU.Build.0 = Debug|Any CPU
		{FF641B02-5B3E-4EC3-A3E7-A91663052CF5}.Release|Any CPU.ActiveCfg = Release|Any CPU
		{FF641B02-5B3E-4EC3-A3E7-A91663052CF5}.Release|Any CPU.Build.0 = Release|Any CPU
		{4144160F-4E24-44E9-86C6-EE5F34CFF7AF}.Debug|Any CPU.ActiveCfg = Debug|Any CPU
		{4144160F-4E24-44E9-86C6-EE5F34CFF7AF}.Debug|Any CPU.Build.0 = Debug|Any CPU
		{4144160F-4E24-44E9-86C6-EE5F34CFF7AF}.Release|Any CPU.ActiveCfg = Release|Any CPU
		{4144160F-4E24-44E9-86C6-EE5F34CFF7AF}.Release|Any CPU.Build.0 = Release|Any CPU
		{0B4F5E5F-8455-423F-894B-23DB56883638}.Debug|Any CPU.ActiveCfg = Debug|Any CPU
		{0B4F5E5F-8455-423F-894B-23DB56883638}.Debug|Any CPU.Build.0 = Debug|Any CPU
		{0B4F5E5F-8455-423F-894B-23DB56883638}.Release|Any CPU.ActiveCfg = Release|Any CPU
		{0B4F5E5F-8455-423F-894B-23DB56883638}.Release|Any CPU.Build.0 = Release|Any CPU
		{74A0EDEF-3DC0-425A-8FEA-CADCD6E6003F}.Debug|Any CPU.ActiveCfg = Debug|Any CPU
		{74A0EDEF-3DC0-425A-8FEA-CADCD6E6003F}.Debug|Any CPU.Build.0 = Debug|Any CPU
		{74A0EDEF-3DC0-425A-8FEA-CADCD6E6003F}.Release|Any CPU.ActiveCfg = Release|Any CPU
		{74A0EDEF-3DC0-425A-8FEA-CADCD6E6003F}.Release|Any CPU.Build.0 = Release|Any CPU
	EndGlobalSection
	GlobalSection(SolutionProperties) = preSolution
		HideSolutionNode = FALSE
	EndGlobalSection
EndGlobal
